
Microsoft Visual Studio Solution File, Format Version 12.00
# Visual Studio Version 17
VisualStudioVersion = 17.7.34031.279
MinimumVisualStudioVersion = 10.0.40219.1
Project("{FAE04EC0-301F-11D3-BF4B-00C04F79EFBC}") = "zad3-1", "zad3-1\zad3-1.csproj", "{142A0B69-39A4-4516-BF0F-109761D5C894}"
EndProject
Global
	GlobalSection(SolutionConfigurationPlatforms) = preSolution
		Debug|Any CPU = Debug|Any CPU
		Release|Any CPU = Release|Any CPU
	EndGlobalSection
	GlobalSection(ProjectConfigurationPlatforms) = postSolution
		{142A0B69-39A4-4516-BF0F-109761D5C894}.Debug|Any CPU.ActiveCfg = Debug|Any CPU
		{142A0B69-39A4-4516-BF0F-109761D5C894}.Debug|Any CPU.Build.0 = Debug|Any CPU
		{142A0B69-39A4-4516-BF0F-109761D5C894}.Release|Any CPU.ActiveCfg = Release|Any CPU
		{142A0B69-39A4-4516-BF0F-109761D5C894}.Release|Any CPU.Build.0 = Release|Any CPU
	EndGlobalSection
	GlobalSection(SolutionProperties) = preSolution
		HideSolutionNode = FALSE
	EndGlobalSection
	GlobalSection(ExtensibilityGlobals) = postSolution
		SolutionGuid = {C46157B6-2A30-407E-96CF-E3C78B50755A}
	EndGlobalSection
EndGlobal
