
Microsoft Visual Studio Solution File, Format Version 12.00
# Visual Studio Version 17
VisualStudioVersion = 17.7.34031.279
MinimumVisualStudioVersion = 10.0.40219.1
Project("{FAE04EC0-301F-11D3-BF4B-00C04F79EFBC}") = "WebApplication1", "WebApplication1\WebApplication1.csproj", "{6A382A4A-584F-4C77-BB72-917932A47072}"
EndProject
Global
	GlobalSection(SolutionConfigurationPlatforms) = preSolution
		Debug|Any CPU = Debug|Any CPU
		Release|Any CPU = Release|Any CPU
	EndGlobalSection
	GlobalSection(ProjectConfigurationPlatforms) = postSolution
		{6A382A4A-584F-4C77-BB72-917932A47072}.Debug|Any CPU.ActiveCfg = Debug|Any CPU
		{6A382A4A-584F-4C77-BB72-917932A47072}.Debug|Any CPU.Build.0 = Debug|Any CPU
		{6A382A4A-584F-4C77-BB72-917932A47072}.Release|Any CPU.ActiveCfg = Release|Any CPU
		{6A382A4A-584F-4C77-BB72-917932A47072}.Release|Any CPU.Build.0 = Release|Any CPU
	EndGlobalSection
	GlobalSection(SolutionProperties) = preSolution
		HideSolutionNode = FALSE
	EndGlobalSection
	GlobalSection(ExtensibilityGlobals) = postSolution
		SolutionGuid = {F6B2D12C-F18B-4BE7-841A-C705CFAA917D}
	EndGlobalSection
EndGlobal
